
Microsoft Visual Studio Solution File, Format Version 12.00
Project("{FAE04EC0-301F-11D3-BF4B-00C04F79EFBC}") = "Smartcall", "Smartcall.csproj", "{39C80785-88DC-4EC1-A38D-0B6B706EEC5E}"
EndProject
Global
	GlobalSection(SolutionConfigurationPlatforms) = preSolution
		Debug|Any CPU = Debug|Any CPU
		Release|Any CPU = Release|Any CPU
	EndGlobalSection
	GlobalSection(ProjectConfigurationPlatforms) = postSolution
		{39C80785-88DC-4EC1-A38D-0B6B706EEC5E}.Debug|Any CPU.ActiveCfg = Debug|Any CPU
		{39C80785-88DC-4EC1-A38D-0B6B706EEC5E}.Debug|Any CPU.Build.0 = Debug|Any CPU
		{39C80785-88DC-4EC1-A38D-0B6B706EEC5E}.Release|Any CPU.ActiveCfg = Release|Any CPU
		{39C80785-88DC-4EC1-A38D-0B6B706EEC5E}.Release|Any CPU.Build.0 = Release|Any CPU
	EndGlobalSection
EndGlobal
